
Microsoft Visual Studio Solution File, Format Version 12.00
# Visual Studio Version 16
VisualStudioVersion = 16.0.31205.134
MinimumVisualStudioVersion = 10.0.40219.1
Project("{FAE04EC0-301F-11D3-BF4B-00C04F79EFBC}") = "CVGithubPages", "CVGithubPages\CVGithubPages.csproj", "{58F16D12-D013-487C-A503-4FFD75E5185A}"
EndProject
Global
	GlobalSection(SolutionConfigurationPlatforms) = preSolution
		Debug|Any CPU = Debug|Any CPU
		Release|Any CPU = Release|Any CPU
	EndGlobalSection
	GlobalSection(ProjectConfigurationPlatforms) = postSolution
		{58F16D12-D013-487C-A503-4FFD75E5185A}.Debug|Any CPU.ActiveCfg = Debug|Any CPU
		{58F16D12-D013-487C-A503-4FFD75E5185A}.Debug|Any CPU.Build.0 = Debug|Any CPU
		{58F16D12-D013-487C-A503-4FFD75E5185A}.Release|Any CPU.ActiveCfg = Release|Any CPU
		{58F16D12-D013-487C-A503-4FFD75E5185A}.Release|Any CPU.Build.0 = Release|Any CPU
	EndGlobalSection
	GlobalSection(SolutionProperties) = preSolution
		HideSolutionNode = FALSE
	EndGlobalSection
	GlobalSection(ExtensibilityGlobals) = postSolution
		SolutionGuid = {0379490D-A106-46FB-BBAD-840610D8D5E2}
	EndGlobalSection
EndGlobal
